
Microsoft Visual Studio Solution File, Format Version 12.00
# Visual Studio 15
VisualStudioVersion = 15.0.28307.136
MinimumVisualStudioVersion = 10.0.40219.1
Project("{FAE04EC0-301F-11D3-BF4B-00C04F79EFBC}") = "WebApplication1", "WebApplication1\WebApplication1.csproj", "{FF15D87D-87E0-49BD-8D2C-119B0D592922}"
EndProject
Global
	GlobalSection(SolutionConfigurationPlatforms) = preSolution
		Debug|Any CPU = Debug|Any CPU
		Release|Any CPU = Release|Any CPU
	EndGlobalSection
	GlobalSection(ProjectConfigurationPlatforms) = postSolution
		{FF15D87D-87E0-49BD-8D2C-119B0D592922}.Debug|Any CPU.ActiveCfg = Debug|Any CPU
		{FF15D87D-87E0-49BD-8D2C-119B0D592922}.Debug|Any CPU.Build.0 = Debug|Any CPU
		{FF15D87D-87E0-49BD-8D2C-119B0D592922}.Release|Any CPU.ActiveCfg = Release|Any CPU
		{FF15D87D-87E0-49BD-8D2C-119B0D592922}.Release|Any CPU.Build.0 = Release|Any CPU
	EndGlobalSection
	GlobalSection(SolutionProperties) = preSolution
		HideSolutionNode = FALSE
	EndGlobalSection
	GlobalSection(ExtensibilityGlobals) = postSolution
		SolutionGuid = {2D74B90B-3972-4928-A4F9-0A9E46C8A75D}
	EndGlobalSection
EndGlobal
